
Microsoft Visual Studio Solution File, Format Version 12.00
# Visual Studio 15
VisualStudioVersion = 15.0.28010.2046
MinimumVisualStudioVersion = 10.0.40219.1
Project("{FAE04EC0-301F-11D3-BF4B-00C04F79EFBC}") = "SnippetColorizer", "SnippetColorizer.csproj", "{7426B469-F975-4EA3-B55D-42AAD01124F2}"
EndProject
Global
	GlobalSection(SolutionConfigurationPlatforms) = preSolution
		Debug|Any CPU = Debug|Any CPU
		Release|Any CPU = Release|Any CPU
	EndGlobalSection
	GlobalSection(ProjectConfigurationPlatforms) = postSolution
		{7426B469-F975-4EA3-B55D-42AAD01124F2}.Debug|Any CPU.ActiveCfg = Debug|Any CPU
		{7426B469-F975-4EA3-B55D-42AAD01124F2}.Debug|Any CPU.Build.0 = Debug|Any CPU
		{7426B469-F975-4EA3-B55D-42AAD01124F2}.Release|Any CPU.ActiveCfg = Release|Any CPU
		{7426B469-F975-4EA3-B55D-42AAD01124F2}.Release|Any CPU.Build.0 = Release|Any CPU
	EndGlobalSection
	GlobalSection(SolutionProperties) = preSolution
		HideSolutionNode = FALSE
	EndGlobalSection
	GlobalSection(ExtensibilityGlobals) = postSolution
		SolutionGuid = {BD48B057-D20D-4078-9F50-D620A013BB2F}
	EndGlobalSection
EndGlobal
